
Microsoft Visual Studio Solution File, Format Version 12.00
# Visual Studio Version 17
VisualStudioVersion = 17.7.34221.43
MinimumVisualStudioVersion = 10.0.40219.1
Project("{888888A0-9F3D-457C-B088-3A5042F75D52}") = "netflix", "netflix\netflix.pyproj", "{9DD80A8F-837D-472B-A2F9-9332A3D79E38}"
EndProject
Global
	GlobalSection(SolutionConfigurationPlatforms) = preSolution
		Debug|Any CPU = Debug|Any CPU
		Release|Any CPU = Release|Any CPU
	EndGlobalSection
	GlobalSection(ProjectConfigurationPlatforms) = postSolution
		{9DD80A8F-837D-472B-A2F9-9332A3D79E38}.Debug|Any CPU.ActiveCfg = Debug|Any CPU
		{9DD80A8F-837D-472B-A2F9-9332A3D79E38}.Release|Any CPU.ActiveCfg = Release|Any CPU
	EndGlobalSection
	GlobalSection(SolutionProperties) = preSolution
		HideSolutionNode = FALSE
	EndGlobalSection
	GlobalSection(ExtensibilityGlobals) = postSolution
		SolutionGuid = {E9004440-14E2-4C51-BEAF-87241FB3E034}
	EndGlobalSection
EndGlobal
